
Microsoft Visual Studio Solution File, Format Version 12.00
# Visual Studio Version 17
VisualStudioVersion = 17.0.31919.166
MinimumVisualStudioVersion = 10.0.40219.1
Project("{FAE04EC0-301F-11D3-BF4B-00C04F79EFBC}") = "Semestr1_Lekcja13", "Semestr1_Lekcja13\Semestr1_Lekcja13.csproj", "{9B9B5952-BD75-467D-AD07-37A4CD3D0C37}"
EndProject
Project("{FAE04EC0-301F-11D3-BF4B-00C04F79EFBC}") = "Kolko_i_krzyżyk", "Kolko_i_krzyżyk\Kolko_i_krzyżyk.csproj", "{C4B9C919-7700-4CE4-9383-E80CD1CD5189}"
EndProject
Global
	GlobalSection(SolutionConfigurationPlatforms) = preSolution
		Debug|Any CPU = Debug|Any CPU
		Release|Any CPU = Release|Any CPU
	EndGlobalSection
	GlobalSection(ProjectConfigurationPlatforms) = postSolution
		{9B9B5952-BD75-467D-AD07-37A4CD3D0C37}.Debug|Any CPU.ActiveCfg = Debug|Any CPU
		{9B9B5952-BD75-467D-AD07-37A4CD3D0C37}.Debug|Any CPU.Build.0 = Debug|Any CPU
		{9B9B5952-BD75-467D-AD07-37A4CD3D0C37}.Release|Any CPU.ActiveCfg = Release|Any CPU
		{9B9B5952-BD75-467D-AD07-37A4CD3D0C37}.Release|Any CPU.Build.0 = Release|Any CPU
		{C4B9C919-7700-4CE4-9383-E80CD1CD5189}.Debug|Any CPU.ActiveCfg = Debug|Any CPU
		{C4B9C919-7700-4CE4-9383-E80CD1CD5189}.Debug|Any CPU.Build.0 = Debug|Any CPU
		{C4B9C919-7700-4CE4-9383-E80CD1CD5189}.Release|Any CPU.ActiveCfg = Release|Any CPU
		{C4B9C919-7700-4CE4-9383-E80CD1CD5189}.Release|Any CPU.Build.0 = Release|Any CPU
	EndGlobalSection
	GlobalSection(SolutionProperties) = preSolution
		HideSolutionNode = FALSE
	EndGlobalSection
	GlobalSection(ExtensibilityGlobals) = postSolution
		SolutionGuid = {E26380B1-F919-4530-8CF0-9AA82059ADB4}
	EndGlobalSection
EndGlobal
